
Microsoft Visual Studio Solution File, Format Version 12.00
# Visual Studio Version 17
VisualStudioVersion = 17.0.31903.59
MinimumVisualStudioVersion = 10.0.40219.1
Project("{2150E333-8FDC-42A3-9474-1A3956D46DE8}") = "src", "src", "{827E0CD3-B72D-47B6-A68D-7590B98EB39B}"
EndProject
Project("{FAE04EC0-301F-11D3-BF4B-00C04F79EFBC}") = "CoTAS.Parser", "src\CoTAS.Parser\CoTAS.Parser.csproj", "{790FA28D-4493-4FE3-8BAB-B6DEB92FB836}"
EndProject
Project("{FAE04EC0-301F-11D3-BF4B-00C04F79EFBC}") = "CoTAS.Interpreter", "src\CoTAS.Interpreter\CoTAS.Interpreter.csproj", "{49DABD03-19FE-4C15-81C3-A06B9E42CA72}"
EndProject
Project("{FAE04EC0-301F-11D3-BF4B-00C04F79EFBC}") = "CoTAS.Storage", "src\CoTAS.Storage\CoTAS.Storage.csproj", "{003F08E0-C779-4FAE-950D-F2F243D7B7DF}"
EndProject
Project("{FAE04EC0-301F-11D3-BF4B-00C04F79EFBC}") = "CoTAS.Bridge", "src\CoTAS.Bridge\CoTAS.Bridge.csproj", "{1124D571-BC29-48F4-8D9D-7A966F2D4DD1}"
EndProject
Project("{FAE04EC0-301F-11D3-BF4B-00C04F79EFBC}") = "CoTAS.Cli", "src\CoTAS.Cli\CoTAS.Cli.csproj", "{EFACAD80-4E48-4763-ADDE-76A75E7D4B75}"
EndProject
Project("{2150E333-8FDC-42A3-9474-1A3956D46DE8}") = "tests", "tests", "{0AB3BF05-4346-4AA6-1389-037BE0695223}"
EndProject
Project("{FAE04EC0-301F-11D3-BF4B-00C04F79EFBC}") = "CoTAS.Parser.Tests", "tests\CoTAS.Parser.Tests\CoTAS.Parser.Tests.csproj", "{51075CF0-CFBB-41BD-9D05-C594C9B9A3B1}"
EndProject
Project("{FAE04EC0-301F-11D3-BF4B-00C04F79EFBC}") = "CoTAS.Interpreter.Tests", "tests\CoTAS.Interpreter.Tests\CoTAS.Interpreter.Tests.csproj", "{61CF73FE-9134-45EC-AF37-DD8762FA1758}"
EndProject
Project("{FAE04EC0-301F-11D3-BF4B-00C04F79EFBC}") = "CoTAS.Storage.Tests", "tests\CoTAS.Storage.Tests\CoTAS.Storage.Tests.csproj", "{62E4B50A-A1DF-4BD8-BAB6-97028157065B}"
EndProject
Project("{FAE04EC0-301F-11D3-BF4B-00C04F79EFBC}") = "CoTAS.Web", "src\CoTAS.Web\CoTAS.Web.csproj", "{29659BEF-EBAB-490E-BE4A-3ADBD4105F6E}"
EndProject
Project("{FAE04EC0-301F-11D3-BF4B-00C04F79EFBC}") = "CoTAS.Compiler", "src\CoTAS.Compiler\CoTAS.Compiler.csproj", "{C0E60CA0-DBB8-42FF-870E-C3D774A63417}"
EndProject
Global
	GlobalSection(SolutionConfigurationPlatforms) = preSolution
		Debug|Any CPU = Debug|Any CPU
		Debug|x64 = Debug|x64
		Debug|x86 = Debug|x86
		Release|Any CPU = Release|Any CPU
		Release|x64 = Release|x64
		Release|x86 = Release|x86
	EndGlobalSection
	GlobalSection(ProjectConfigurationPlatforms) = postSolution
		{790FA28D-4493-4FE3-8BAB-B6DEB92FB836}.Debug|Any CPU.ActiveCfg = Debug|Any CPU
		{790FA28D-4493-4FE3-8BAB-B6DEB92FB836}.Debug|Any CPU.Build.0 = Debug|Any CPU
		{790FA28D-4493-4FE3-8BAB-B6DEB92FB836}.Debug|x64.ActiveCfg = Debug|Any CPU
		{790FA28D-4493-4FE3-8BAB-B6DEB92FB836}.Debug|x64.Build.0 = Debug|Any CPU
		{790FA28D-4493-4FE3-8BAB-B6DEB92FB836}.Debug|x86.ActiveCfg = Debug|Any CPU
		{790FA28D-4493-4FE3-8BAB-B6DEB92FB836}.Debug|x86.Build.0 = Debug|Any CPU
		{790FA28D-4493-4FE3-8BAB-B6DEB92FB836}.Release|Any CPU.ActiveCfg = Release|Any CPU
		{790FA28D-4493-4FE3-8BAB-B6DEB92FB836}.Release|Any CPU.Build.0 = Release|Any CPU
		{790FA28D-4493-4FE3-8BAB-B6DEB92FB836}.Release|x64.ActiveCfg = Release|Any CPU
		{790FA28D-4493-4FE3-8BAB-B6DEB92FB836}.Release|x64.Build.0 = Release|Any CPU
		{790FA28D-4493-4FE3-8BAB-B6DEB92FB836}.Release|x86.ActiveCfg = Release|Any CPU
		{790FA28D-4493-4FE3-8BAB-B6DEB92FB836}.Release|x86.Build.0 = Release|Any CPU
		{49DABD03-19FE-4C15-81C3-A06B9E42CA72}.Debug|Any CPU.ActiveCfg = Debug|Any CPU
		{49DABD03-19FE-4C15-81C3-A06B9E42CA72}.Debug|Any CPU.Build.0 = Debug|Any CPU
		{49DABD03-19FE-4C15-81C3-A06B9E42CA72}.Debug|x64.ActiveCfg = Debug|Any CPU
		{49DABD03-19FE-4C15-81C3-A06B9E42CA72}.Debug|x64.Build.0 = Debug|Any CPU
		{49DABD03-19FE-4C15-81C3-A06B9E42CA72}.Debug|x86.ActiveCfg = Debug|Any CPU
		{49DABD03-19FE-4C15-81C3-A06B9E42CA72}.Debug|x86.Build.0 = Debug|Any CPU
		{49DABD03-19FE-4C15-81C3-A06B9E42CA72}.Release|Any CPU.ActiveCfg = Release|Any CPU
		{49DABD03-19FE-4C15-81C3-A06B9E42CA72}.Release|Any CPU.Build.0 = Release|Any CPU
		{49DABD03-19FE-4C15-81C3-A06B9E42CA72}.Release|x64.ActiveCfg = Release|Any CPU
		{49DABD03-19FE-4C15-81C3-A06B9E42CA72}.Release|x64.Build.0 = Release|Any CPU
		{49DABD03-19FE-4C15-81C3-A06B9E42CA72}.Release|x86.ActiveCfg = Release|Any CPU
		{49DABD03-19FE-4C15-81C3-A06B9E42CA72}.Release|x86.Build.0 = Release|Any CPU
		{003F08E0-C779-4FAE-950D-F2F243D7B7DF}.Debug|Any CPU.ActiveCfg = Debug|Any CPU
		{003F08E0-C779-4FAE-950D-F2F243D7B7DF}.Debug|Any CPU.Build.0 = Debug|Any CPU
		{003F08E0-C779-4FAE-950D-F2F243D7B7DF}.Debug|x64.ActiveCfg = Debug|Any CPU
		{003F08E0-C779-4FAE-950D-F2F243D7B7DF}.Debug|x64.Build.0 = Debug|Any CPU
		{003F08E0-C779-4FAE-950D-F2F243D7B7DF}.Debug|x86.ActiveCfg = Debug|Any CPU
		{003F08E0-C779-4FAE-950D-F2F243D7B7DF}.Debug|x86.Build.0 = Debug|Any CPU
		{003F08E0-C779-4FAE-950D-F2F243D7B7DF}.Release|Any CPU.ActiveCfg = Release|Any CPU
		{003F08E0-C779-4FAE-950D-F2F243D7B7DF}.Release|Any CPU.Build.0 = Release|Any CPU
		{003F08E0-C779-4FAE-950D-F2F243D7B7DF}.Release|x64.ActiveCfg = Release|Any CPU
		{003F08E0-C779-4FAE-950D-F2F243D7B7DF}.Release|x64.Build.0 = Release|Any CPU
		{003F08E0-C779-4FAE-950D-F2F243D7B7DF}.Release|x86.ActiveCfg = Release|Any CPU
		{003F08E0-C779-4FAE-950D-F2F243D7B7DF}.Release|x86.Build.0 = Release|Any CPU
		{1124D571-BC29-48F4-8D9D-7A966F2D4DD1}.Debug|Any CPU.ActiveCfg = Debug|Any CPU
		{1124D571-BC29-48F4-8D9D-7A966F2D4DD1}.Debug|Any CPU.Build.0 = Debug|Any CPU
		{1124D571-BC29-48F4-8D9D-7A966F2D4DD1}.Debug|x64.ActiveCfg = Debug|Any CPU
		{1124D571-BC29-48F4-8D9D-7A966F2D4DD1}.Debug|x64.Build.0 = Debug|Any CPU
		{1124D571-BC29-48F4-8D9D-7A966F2D4DD1}.Debug|x86.ActiveCfg = Debug|Any CPU
		{1124D571-BC29-48F4-8D9D-7A966F2D4DD1}.Debug|x86.Build.0 = Debug|Any CPU
		{1124D571-BC29-48F4-8D9D-7A966F2D4DD1}.Release|Any CPU.ActiveCfg = Release|Any CPU
		{1124D571-BC29-48F4-8D9D-7A966F2D4DD1}.Release|Any CPU.Build.0 = Release|Any CPU
		{1124D571-BC29-48F4-8D9D-7A966F2D4DD1}.Release|x64.ActiveCfg = Release|Any CPU
		{1124D571-BC29-48F4-8D9D-7A966F2D4DD1}.Release|x64.Build.0 = Release|Any CPU
		{1124D571-BC29-48F4-8D9D-7A966F2D4DD1}.Release|x86.ActiveCfg = Release|Any CPU
		{1124D571-BC29-48F4-8D9D-7A966F2D4DD1}.Release|x86.Build.0 = Release|Any CPU
		{EFACAD80-4E48-4763-ADDE-76A75E7D4B75}.Debug|Any CPU.ActiveCfg = Debug|Any CPU
		{EFACAD80-4E48-4763-ADDE-76A75E7D4B75}.Debug|Any CPU.Build.0 = Debug|Any CPU
		{EFACAD80-4E48-4763-ADDE-76A75E7D4B75}.Debug|x64.ActiveCfg = Debug|Any CPU
		{EFACAD80-4E48-4763-ADDE-76A75E7D4B75}.Debug|x64.Build.0 = Debug|Any CPU
		{EFACAD80-4E48-4763-ADDE-76A75E7D4B75}.Debug|x86.ActiveCfg = Debug|Any CPU
		{EFACAD80-4E48-4763-ADDE-76A75E7D4B75}.Debug|x86.Build.0 = Debug|Any CPU
		{EFACAD80-4E48-4763-ADDE-76A75E7D4B75}.Release|Any CPU.ActiveCfg = Release|Any CPU
		{EFACAD80-4E48-4763-ADDE-76A75E7D4B75}.Release|Any CPU.Build.0 = Release|Any CPU
		{EFACAD80-4E48-4763-ADDE-76A75E7D4B75}.Release|x64.ActiveCfg = Release|Any CPU
		{EFACAD80-4E48-4763-ADDE-76A75E7D4B75}.Release|x64.Build.0 = Release|Any CPU
		{EFACAD80-4E48-4763-ADDE-76A75E7D4B75}.Release|x86.ActiveCfg = Release|Any CPU
		{EFACAD80-4E48-4763-ADDE-76A75E7D4B75}.Release|x86.Build.0 = Release|Any CPU
		{51075CF0-CFBB-41BD-9D05-C594C9B9A3B1}.Debug|Any CPU.ActiveCfg = Debug|Any CPU
		{51075CF0-CFBB-41BD-9D05-C594C9B9A3B1}.Debug|Any CPU.Build.0 = Debug|Any CPU
		{51075CF0-CFBB-41BD-9D05-C594C9B9A3B1}.Debug|x64.ActiveCfg = Debug|Any CPU
		{51075CF0-CFBB-41BD-9D05-C594C9B9A3B1}.Debug|x64.Build.0 = Debug|Any CPU
		{51075CF0-CFBB-41BD-9D05-C594C9B9A3B1}.Debug|x86.ActiveCfg = Debug|Any CPU
		{51075CF0-CFBB-41BD-9D05-C594C9B9A3B1}.Debug|x86.Build.0 = Debug|Any CPU
		{51075CF0-CFBB-41BD-9D05-C594C9B9A3B1}.Release|Any CPU.ActiveCfg = Release|Any CPU
		{51075CF0-CFBB-41BD-9D05-C594C9B9A3B1}.Release|Any CPU.Build.0 = Release|Any CPU
		{51075CF0-CFBB-41BD-9D05-C594C9B9A3B1}.Release|x64.ActiveCfg = Release|Any CPU
		{51075CF0-CFBB-41BD-9D05-C594C9B9A3B1}.Release|x64.Build.0 = Release|Any CPU
		{51075CF0-CFBB-41BD-9D05-C594C9B9A3B1}.Release|x86.ActiveCfg = Release|Any CPU
		{51075CF0-CFBB-41BD-9D05-C594C9B9A3B1}.Release|x86.Build.0 = Release|Any CPU
		{61CF73FE-9134-45EC-AF37-DD8762FA1758}.Debug|Any CPU.ActiveCfg = Debug|Any CPU
		{61CF73FE-9134-45EC-AF37-DD8762FA1758}.Debug|Any CPU.Build.0 = Debug|Any CPU
		{61CF73FE-9134-45EC-AF37-DD8762FA1758}.Debug|x64.ActiveCfg = Debug|Any CPU
		{61CF73FE-9134-45EC-AF37-DD8762FA1758}.Debug|x64.Build.0 = Debug|Any CPU
		{61CF73FE-9134-45EC-AF37-DD8762FA1758}.Debug|x86.ActiveCfg = Debug|Any CPU
		{61CF73FE-9134-45EC-AF37-DD8762FA1758}.Debug|x86.Build.0 = Debug|Any CPU
		{61CF73FE-9134-45EC-AF37-DD8762FA1758}.Release|Any CPU.ActiveCfg = Release|Any CPU
		{61CF73FE-9134-45EC-AF37-DD8762FA1758}.Release|Any CPU.Build.0 = Release|Any CPU
		{61CF73FE-9134-45EC-AF37-DD8762FA1758}.Release|x64.ActiveCfg = Release|Any CPU
		{61CF73FE-9134-45EC-AF37-DD8762FA1758}.Release|x64.Build.0 = Release|Any CPU
		{61CF73FE-9134-45EC-AF37-DD8762FA1758}.Release|x86.ActiveCfg = Release|Any CPU
		{61CF73FE-9134-45EC-AF37-DD8762FA1758}.Release|x86.Build.0 = Release|Any CPU
		{62E4B50A-A1DF-4BD8-BAB6-97028157065B}.Debug|Any CPU.ActiveCfg = Debug|Any CPU
		{62E4B50A-A1DF-4BD8-BAB6-97028157065B}.Debug|Any CPU.Build.0 = Debug|Any CPU
		{62E4B50A-A1DF-4BD8-BAB6-97028157065B}.Debug|x64.ActiveCfg = Debug|Any CPU
		{62E4B50A-A1DF-4BD8-BAB6-97028157065B}.Debug|x64.Build.0 = Debug|Any CPU
		{62E4B50A-A1DF-4BD8-BAB6-97028157065B}.Debug|x86.ActiveCfg = Debug|Any CPU
		{62E4B50A-A1DF-4BD8-BAB6-97028157065B}.Debug|x86.Build.0 = Debug|Any CPU
		{62E4B50A-A1DF-4BD8-BAB6-97028157065B}.Release|Any CPU.ActiveCfg = Release|Any CPU
		{62E4B50A-A1DF-4BD8-BAB6-97028157065B}.Release|Any CPU.Build.0 = Release|Any CPU
		{62E4B50A-A1DF-4BD8-BAB6-97028157065B}.Release|x64.ActiveCfg = Release|Any CPU
		{62E4B50A-A1DF-4BD8-BAB6-97028157065B}.Release|x64.Build.0 = Release|Any CPU
		{62E4B50A-A1DF-4BD8-BAB6-97028157065B}.Release|x86.ActiveCfg = Release|Any CPU
		{62E4B50A-A1DF-4BD8-BAB6-97028157065B}.Release|x86.Build.0 = Release|Any CPU
		{29659BEF-EBAB-490E-BE4A-3ADBD4105F6E}.Debug|Any CPU.ActiveCfg = Debug|Any CPU
		{29659BEF-EBAB-490E-BE4A-3ADBD4105F6E}.Debug|Any CPU.Build.0 = Debug|Any CPU
		{29659BEF-EBAB-490E-BE4A-3ADBD4105F6E}.Debug|x64.ActiveCfg = Debug|Any CPU
		{29659BEF-EBAB-490E-BE4A-3ADBD4105F6E}.Debug|x64.Build.0 = Debug|Any CPU
		{29659BEF-EBAB-490E-BE4A-3ADBD4105F6E}.Debug|x86.ActiveCfg = Debug|Any CPU
		{29659BEF-EBAB-490E-BE4A-3ADBD4105F6E}.Debug|x86.Build.0 = Debug|Any CPU
		{29659BEF-EBAB-490E-BE4A-3ADBD4105F6E}.Release|Any CPU.ActiveCfg = Release|Any CPU
		{29659BEF-EBAB-490E-BE4A-3ADBD4105F6E}.Release|Any CPU.Build.0 = Release|Any CPU
		{29659BEF-EBAB-490E-BE4A-3ADBD4105F6E}.Release|x64.ActiveCfg = Release|Any CPU
		{29659BEF-EBAB-490E-BE4A-3ADBD4105F6E}.Release|x64.Build.0 = Release|Any CPU
		{29659BEF-EBAB-490E-BE4A-3ADBD4105F6E}.Release|x86.ActiveCfg = Release|Any CPU
		{29659BEF-EBAB-490E-BE4A-3ADBD4105F6E}.Release|x86.Build.0 = Release|Any CPU
		{C0E60CA0-DBB8-42FF-870E-C3D774A63417}.Debug|Any CPU.ActiveCfg = Debug|Any CPU
		{C0E60CA0-DBB8-42FF-870E-C3D774A63417}.Debug|Any CPU.Build.0 = Debug|Any CPU
		{C0E60CA0-DBB8-42FF-870E-C3D774A63417}.Debug|x64.ActiveCfg = Debug|Any CPU
		{C0E60CA0-DBB8-42FF-870E-C3D774A63417}.Debug|x64.Build.0 = Debug|Any CPU
		{C0E60CA0-DBB8-42FF-870E-C3D774A63417}.Debug|x86.ActiveCfg = Debug|Any CPU
		{C0E60CA0-DBB8-42FF-870E-C3D774A63417}.Debug|x86.Build.0 = Debug|Any CPU
		{C0E60CA0-DBB8-42FF-870E-C3D774A63417}.Release|Any CPU.ActiveCfg = Release|Any CPU
		{C0E60CA0-DBB8-42FF-870E-C3D774A63417}.Release|Any CPU.Build.0 = Release|Any CPU
		{C0E60CA0-DBB8-42FF-870E-C3D774A63417}.Release|x64.ActiveCfg = Release|Any CPU
		{C0E60CA0-DBB8-42FF-870E-C3D774A63417}.Release|x64.Build.0 = Release|Any CPU
		{C0E60CA0-DBB8-42FF-870E-C3D774A63417}.Release|x86.ActiveCfg = Release|Any CPU
		{C0E60CA0-DBB8-42FF-870E-C3D774A63417}.Release|x86.Build.0 = Release|Any CPU
	EndGlobalSection
	GlobalSection(SolutionProperties) = preSolution
		HideSolutionNode = FALSE
	EndGlobalSection
	GlobalSection(NestedProjects) = preSolution
		{790FA28D-4493-4FE3-8BAB-B6DEB92FB836} = {827E0CD3-B72D-47B6-A68D-7590B98EB39B}
		{49DABD03-19FE-4C15-81C3-A06B9E42CA72} = {827E0CD3-B72D-47B6-A68D-7590B98EB39B}
		{003F08E0-C779-4FAE-950D-F2F243D7B7DF} = {827E0CD3-B72D-47B6-A68D-7590B98EB39B}
		{1124D571-BC29-48F4-8D9D-7A966F2D4DD1} = {827E0CD3-B72D-47B6-A68D-7590B98EB39B}
		{EFACAD80-4E48-4763-ADDE-76A75E7D4B75} = {827E0CD3-B72D-47B6-A68D-7590B98EB39B}
		{51075CF0-CFBB-41BD-9D05-C594C9B9A3B1} = {0AB3BF05-4346-4AA6-1389-037BE0695223}
		{61CF73FE-9134-45EC-AF37-DD8762FA1758} = {0AB3BF05-4346-4AA6-1389-037BE0695223}
		{62E4B50A-A1DF-4BD8-BAB6-97028157065B} = {0AB3BF05-4346-4AA6-1389-037BE0695223}
		{29659BEF-EBAB-490E-BE4A-3ADBD4105F6E} = {827E0CD3-B72D-47B6-A68D-7590B98EB39B}
		{C0E60CA0-DBB8-42FF-870E-C3D774A63417} = {827E0CD3-B72D-47B6-A68D-7590B98EB39B}
	EndGlobalSection
EndGlobal
